
Microsoft Visual Studio Solution File, Format Version 12.00
# Visual Studio Version 17
VisualStudioVersion = 17.3.32929.385
MinimumVisualStudioVersion = 10.0.40219.1
Project("{FAE04EC0-301F-11D3-BF4B-00C04F79EFBC}") = "CRYPTO_Library", "CRYPTO_Library\CRYPTO_Library.csproj", "{8C50E215-B488-47BA-80EF-A3C79ED41DED}"
EndProject
Global
	GlobalSection(SolutionConfigurationPlatforms) = preSolution
		Debug|Any CPU = Debug|Any CPU
		Release|Any CPU = Release|Any CPU
	EndGlobalSection
	GlobalSection(ProjectConfigurationPlatforms) = postSolution
		{8C50E215-B488-47BA-80EF-A3C79ED41DED}.Debug|Any CPU.ActiveCfg = Debug|Any CPU
		{8C50E215-B488-47BA-80EF-A3C79ED41DED}.Debug|Any CPU.Build.0 = Debug|Any CPU
		{8C50E215-B488-47BA-80EF-A3C79ED41DED}.Release|Any CPU.ActiveCfg = Release|Any CPU
		{8C50E215-B488-47BA-80EF-A3C79ED41DED}.Release|Any CPU.Build.0 = Release|Any CPU
	EndGlobalSection
	GlobalSection(SolutionProperties) = preSolution
		HideSolutionNode = FALSE
	EndGlobalSection
	GlobalSection(ExtensibilityGlobals) = postSolution
		SolutionGuid = {DDCCB60A-DEE6-448A-809C-762DD830FBA6}
	EndGlobalSection
EndGlobal
